
Microsoft Visual Studio Solution File, Format Version 12.00
# Visual Studio Version 17
VisualStudioVersion = 17.1.32228.430
MinimumVisualStudioVersion = 10.0.40219.1
Project("{8BC9CEB8-8B4A-11D0-8D11-00A0C91BC942}") = "217 contains duplicate", "217 contains duplicate.vcxproj", "{7AA0427A-4D3E-46D7-BA3D-E30AD4488876}"
EndProject
Global
	GlobalSection(SolutionConfigurationPlatforms) = preSolution
		Debug|x64 = Debug|x64
		Debug|x86 = Debug|x86
		Release|x64 = Release|x64
		Release|x86 = Release|x86
	EndGlobalSection
	GlobalSection(ProjectConfigurationPlatforms) = postSolution
		{7AA0427A-4D3E-46D7-BA3D-E30AD4488876}.Debug|x64.ActiveCfg = Debug|x64
		{7AA0427A-4D3E-46D7-BA3D-E30AD4488876}.Debug|x64.Build.0 = Debug|x64
		{7AA0427A-4D3E-46D7-BA3D-E30AD4488876}.Debug|x86.ActiveCfg = Debug|Win32
		{7AA0427A-4D3E-46D7-BA3D-E30AD4488876}.Debug|x86.Build.0 = Debug|Win32
		{7AA0427A-4D3E-46D7-BA3D-E30AD4488876}.Release|x64.ActiveCfg = Release|x64
		{7AA0427A-4D3E-46D7-BA3D-E30AD4488876}.Release|x64.Build.0 = Release|x64
		{7AA0427A-4D3E-46D7-BA3D-E30AD4488876}.Release|x86.ActiveCfg = Release|Win32
		{7AA0427A-4D3E-46D7-BA3D-E30AD4488876}.Release|x86.Build.0 = Release|Win32
	EndGlobalSection
	GlobalSection(SolutionProperties) = preSolution
		HideSolutionNode = FALSE
	EndGlobalSection
	GlobalSection(ExtensibilityGlobals) = postSolution
		SolutionGuid = {0256A5E9-E315-41E3-96F9-0F95A55C1483}
	EndGlobalSection
EndGlobal
